
Microsoft Visual Studio Solution File, Format Version 12.00
# Visual Studio 2013
VisualStudioVersion = 12.0.21005.1
MinimumVisualStudioVersion = 10.0.40219.1
Project("{FAE04EC0-301F-11D3-BF4B-00C04F79EFBC}") = "PROYECTO_UB", "PROYECTO_UB\PROYECTO_UB.csproj", "{457F9724-3062-42A1-9FB8-AE8794612EC7}"
EndProject
Project("{FAE04EC0-301F-11D3-BF4B-00C04F79EFBC}") = "CapaDatos", "CapaDatos\CapaDatos.csproj", "{84FE6515-BBC3-4787-9955-D2549CBB345F}"
EndProject
Project("{FAE04EC0-301F-11D3-BF4B-00C04F79EFBC}") = "CapaNegocio", "CapaNegocio\CapaNegocio.csproj", "{033362A0-3505-49FD-B401-E6AD7A226A63}"
EndProject
Global
	GlobalSection(SolutionConfigurationPlatforms) = preSolution
		Debug|Any CPU = Debug|Any CPU
		Release|Any CPU = Release|Any CPU
	EndGlobalSection
	GlobalSection(ProjectConfigurationPlatforms) = postSolution
		{457F9724-3062-42A1-9FB8-AE8794612EC7}.Debug|Any CPU.ActiveCfg = Debug|Any CPU
		{457F9724-3062-42A1-9FB8-AE8794612EC7}.Debug|Any CPU.Build.0 = Debug|Any CPU
		{457F9724-3062-42A1-9FB8-AE8794612EC7}.Release|Any CPU.ActiveCfg = Release|Any CPU
		{457F9724-3062-42A1-9FB8-AE8794612EC7}.Release|Any CPU.Build.0 = Release|Any CPU
		{84FE6515-BBC3-4787-9955-D2549CBB345F}.Debug|Any CPU.ActiveCfg = Debug|Any CPU
		{84FE6515-BBC3-4787-9955-D2549CBB345F}.Debug|Any CPU.Build.0 = Debug|Any CPU
		{84FE6515-BBC3-4787-9955-D2549CBB345F}.Release|Any CPU.ActiveCfg = Release|Any CPU
		{84FE6515-BBC3-4787-9955-D2549CBB345F}.Release|Any CPU.Build.0 = Release|Any CPU
		{033362A0-3505-49FD-B401-E6AD7A226A63}.Debug|Any CPU.ActiveCfg = Debug|Any CPU
		{033362A0-3505-49FD-B401-E6AD7A226A63}.Debug|Any CPU.Build.0 = Debug|Any CPU
		{033362A0-3505-49FD-B401-E6AD7A226A63}.Release|Any CPU.ActiveCfg = Release|Any CPU
		{033362A0-3505-49FD-B401-E6AD7A226A63}.Release|Any CPU.Build.0 = Release|Any CPU
	EndGlobalSection
	GlobalSection(SolutionProperties) = preSolution
		HideSolutionNode = FALSE
	EndGlobalSection
EndGlobal
